
Microsoft Visual Studio Solution File, Format Version 12.00
# Visual Studio Version 17
VisualStudioVersion = 17.3.32825.248
MinimumVisualStudioVersion = 10.0.40219.1
Project("{8BC9CEB8-8B4A-11D0-8D11-00A0C91BC942}") = "39_EVAL_bombillas", "39_EVAL_bombillas.vcxproj", "{B0A954FA-63B1-4302-B32A-D639394A6C90}"
EndProject
Global
	GlobalSection(SolutionConfigurationPlatforms) = preSolution
		Debug|x64 = Debug|x64
		Debug|x86 = Debug|x86
		Release|x64 = Release|x64
		Release|x86 = Release|x86
	EndGlobalSection
	GlobalSection(ProjectConfigurationPlatforms) = postSolution
		{B0A954FA-63B1-4302-B32A-D639394A6C90}.Debug|x64.ActiveCfg = Debug|x64
		{B0A954FA-63B1-4302-B32A-D639394A6C90}.Debug|x64.Build.0 = Debug|x64
		{B0A954FA-63B1-4302-B32A-D639394A6C90}.Debug|x86.ActiveCfg = Debug|Win32
		{B0A954FA-63B1-4302-B32A-D639394A6C90}.Debug|x86.Build.0 = Debug|Win32
		{B0A954FA-63B1-4302-B32A-D639394A6C90}.Release|x64.ActiveCfg = Release|x64
		{B0A954FA-63B1-4302-B32A-D639394A6C90}.Release|x64.Build.0 = Release|x64
		{B0A954FA-63B1-4302-B32A-D639394A6C90}.Release|x86.ActiveCfg = Release|Win32
		{B0A954FA-63B1-4302-B32A-D639394A6C90}.Release|x86.Build.0 = Release|Win32
	EndGlobalSection
	GlobalSection(SolutionProperties) = preSolution
		HideSolutionNode = FALSE
	EndGlobalSection
	GlobalSection(ExtensibilityGlobals) = postSolution
		SolutionGuid = {BA6F0A39-648F-48F5-830E-C0FA80FEBB60}
	EndGlobalSection
EndGlobal
